// !$*UTF8*$!
{
	archiveVersion = 1;
	classes = {
	};
	objectVersion = 55;
	objects = {

/* Begin PBXBuildFile section */
		A2AA6F06287DBE0000FB64E4 /* RegistrationViewController.swift in Sources */ = {isa = PBXBuildFile; fileRef = A2AA6F05287DBE0000FB64E4 /* RegistrationViewController.swift */; };
		A2AA6F08287F1A9200FB64E4 /* UITextField + Extenstion.swift in Sources */ = {isa = PBXBuildFile; fileRef = A2AA6F07287F1A9200FB64E4 /* UITextField + Extenstion.swift */; };
		A2AA6F0A288004A000FB64E4 /* SignUpViewController.swift in Sources */ = {isa = PBXBuildFile; fileRef = A2AA6F09288004A000FB64E4 /* SignUpViewController.swift */; };
		A2BE659E28787AB6008D5AF1 /* AppDelegate.swift in Sources */ = {isa = PBXBuildFile; fileRef = A2BE659D28787AB6008D5AF1 /* AppDelegate.swift */; };
		A2BE65A028787AB6008D5AF1 /* SceneDelegate.swift in Sources */ = {isa = PBXBuildFile; fileRef = A2BE659F28787AB6008D5AF1 /* SceneDelegate.swift */; };
		A2BE65A228787AB6008D5AF1 /* ViewController.swift in Sources */ = {isa = PBXBuildFile; fileRef = A2BE65A128787AB6008D5AF1 /* ViewController.swift */; };
		A2BE65A528787AB6008D5AF1 /* Main.storyboard in Resources */ = {isa = PBXBuildFile; fileRef = A2BE65A328787AB6008D5AF1 /* Main.storyboard */; };
		A2BE65A728787AB8008D5AF1 /* Assets.xcassets in Resources */ = {isa = PBXBuildFile; fileRef = A2BE65A628787AB8008D5AF1 /* Assets.xcassets */; };
		A2BE65AA28787AB8008D5AF1 /* LaunchScreen.storyboard in Resources */ = {isa = PBXBuildFile; fileRef = A2BE65A828787AB8008D5AF1 /* LaunchScreen.storyboard */; };
		A2FF59FE2878DEB7002E9AD6 /* StartingPageViewController.swift in Sources */ = {isa = PBXBuildFile; fileRef = A2FF59FD2878DEB7002E9AD6 /* StartingPageViewController.swift */; };
		A2FF5A002878E36C002E9AD6 /* extension UIButton.swift in Sources */ = {isa = PBXBuildFile; fileRef = A2FF59FF2878E36C002E9AD6 /* extension UIButton.swift */; };
		A2FF5A022878E5EB002E9AD6 /* SignInViewController.swift in Sources */ = {isa = PBXBuildFile; fileRef = A2FF5A012878E5EB002E9AD6 /* SignInViewController.swift */; };
/* End PBXBuildFile section */

/* Begin PBXFileReference section */
		A2AA6F05287DBE0000FB64E4 /* RegistrationViewController.swift */ = {isa = PBXFileReference; lastKnownFileType = sourcecode.swift; path = RegistrationViewController.swift; sourceTree = "<group>"; };
		A2AA6F07287F1A9200FB64E4 /* UITextField + Extenstion.swift */ = {isa = PBXFileReference; lastKnownFileType = sourcecode.swift; path = "UITextField + Extenstion.swift"; sourceTree = "<group>"; };
		A2AA6F09288004A000FB64E4 /* SignUpViewController.swift */ = {isa = PBXFileReference; lastKnownFileType = sourcecode.swift; path = SignUpViewController.swift; sourceTree = "<group>"; };
		A2BE659A28787AB6008D5AF1 /* TravelApp.app */ = {isa = PBXFileReference; explicitFileType = wrapper.application; includeInIndex = 0; path = TravelApp.app; sourceTree = BUILT_PRODUCTS_DIR; };
		A2BE659D28787AB6008D5AF1 /* AppDelegate.swift */ = {isa = PBXFileReference; lastKnownFileType = sourcecode.swift; path = AppDelegate.swift; sourceTree = "<group>"; };
		A2BE659F28787AB6008D5AF1 /* SceneDelegate.swift */ = {isa = PBXFileReference; lastKnownFileType = sourcecode.swift; path = SceneDelegate.swift; sourceTree = "<group>"; };
		A2BE65A128787AB6008D5AF1 /* ViewController.swift */ = {isa = PBXFileReference; lastKnownFileType = sourcecode.swift; path = ViewController.swift; sourceTree = "<group>"; };
		A2BE65A428787AB6008D5AF1 /* Base */ = {isa = PBXFileReference; lastKnownFileType = file.storyboard; name = Base; path = Base.lproj/Main.storyboard; sourceTree = "<group>"; };
		A2BE65A628787AB8008D5AF1 /* Assets.xcassets */ = {isa = PBXFileReference; lastKnownFileType = folder.assetcatalog; path = Assets.xcassets; sourceTree = "<group>"; };
		A2BE65A928787AB8008D5AF1 /* Base */ = {isa = PBXFileReference; lastKnownFileType = file.storyboard; name = Base; path = Base.lproj/LaunchScreen.storyboard; sourceTree = "<group>"; };
		A2BE65AB28787AB8008D5AF1 /* Info.plist */ = {isa = PBXFileReference; lastKnownFileType = text.plist.xml; path = Info.plist; sourceTree = "<group>"; };
		A2FF59FD2878DEB7002E9AD6 /* StartingPageViewController.swift */ = {isa = PBXFileReference; lastKnownFileType = sourcecode.swift; path = StartingPageViewController.swift; sourceTree = "<group>"; };
		A2FF59FF2878E36C002E9AD6 /* extension UIButton.swift */ = {isa = PBXFileReference; lastKnownFileType = sourcecode.swift; path = "extension UIButton.swift"; sourceTree = "<group>"; };
		A2FF5A012878E5EB002E9AD6 /* SignInViewController.swift */ = {isa = PBXFileReference; lastKnownFileType = sourcecode.swift; path = SignInViewController.swift; sourceTree = "<group>"; };
/* End PBXFileReference section */

/* Begin PBXFrameworksBuildPhase section */
		A2BE659728787AB6008D5AF1 /* Frameworks */ = {
			isa = PBXFrameworksBuildPhase;
			buildActionMask = 2147483647;
			files = (
			);
			runOnlyForDeploymentPostprocessing = 0;
		};
/* End PBXFrameworksBuildPhase section */

/* Begin PBXGroup section */
		A2AA6F0B288004CA00FB64E4 /* Controllers */ = {
			isa = PBXGroup;
			children = (
				A2BE65A128787AB6008D5AF1 /* ViewController.swift */,
				A2FF59FD2878DEB7002E9AD6 /* StartingPageViewController.swift */,
				A2FF5A012878E5EB002E9AD6 /* SignInViewController.swift */,
				A2AA6F09288004A000FB64E4 /* SignUpViewController.swift */,
				A2AA6F05287DBE0000FB64E4 /* RegistrationViewController.swift */,
			);
			path = Controllers;
			sourceTree = "<group>";
		};
		A2BE659128787AB6008D5AF1 = {
			isa = PBXGroup;
			children = (
				A2BE659C28787AB6008D5AF1 /* TravelApp */,
				A2BE659B28787AB6008D5AF1 /* Products */,
			);
			sourceTree = "<group>";
		};
		A2BE659B28787AB6008D5AF1 /* Products */ = {
			isa = PBXGroup;
			children = (
				A2BE659A28787AB6008D5AF1 /* TravelApp.app */,
			);
			name = Products;
			sourceTree = "<group>";
		};
		A2BE659C28787AB6008D5AF1 /* TravelApp */ = {
			isa = PBXGroup;
			children = (
				A2BE659D28787AB6008D5AF1 /* AppDelegate.swift */,
				A2BE659F28787AB6008D5AF1 /* SceneDelegate.swift */,
				A2AA6F0B288004CA00FB64E4 /* Controllers */,
				A2FF59FF2878E36C002E9AD6 /* extension UIButton.swift */,
				A2BE65A328787AB6008D5AF1 /* Main.storyboard */,
				A2AA6F07287F1A9200FB64E4 /* UITextField + Extenstion.swift */,
				A2BE65A628787AB8008D5AF1 /* Assets.xcassets */,
				A2BE65A828787AB8008D5AF1 /* LaunchScreen.storyboard */,
				A2BE65AB28787AB8008D5AF1 /* Info.plist */,
			);
			path = TravelApp;
			sourceTree = "<group>";
		};
/* End PBXGroup section */

/* Begin PBXNativeTarget section */
		A2BE659928787AB6008D5AF1 /* TravelApp */ = {
			isa = PBXNativeTarget;
			buildConfigurationList = A2BE65AE28787AB8008D5AF1 /* Build configuration list for PBXNativeTarget "TravelApp" */;
			buildPhases = (
				A2BE659628787AB6008D5AF1 /* Sources */,
				A2BE659728787AB6008D5AF1 /* Frameworks */,
				A2BE659828787AB6008D5AF1 /* Resources */,
			);
			buildRules = (
			);
			dependencies = (
			);
			name = TravelApp;
			productName = TravelApp;
			productReference = A2BE659A28787AB6008D5AF1 /* TravelApp.app */;
			productType = "com.apple.product-type.application";
		};
/* End PBXNativeTarget section */

/* Begin PBXProject section */
		A2BE659228787AB6008D5AF1 /* Project object */ = {
			isa = PBXProject;
			attributes = {
				BuildIndependentTargetsInParallel = 1;
				LastSwiftUpdateCheck = 1340;
				LastUpgradeCheck = 1340;
				TargetAttributes = {
					A2BE659928787AB6008D5AF1 = {
						CreatedOnToolsVersion = 13.4.1;
					};
				};
			};
			buildConfigurationList = A2BE659528787AB6008D5AF1 /* Build configuration list for PBXProject "TravelApp" */;
			compatibilityVersion = "Xcode 13.0";
			developmentRegion = en;
			hasScannedForEncodings = 0;
			knownRegions = (
				en,
				Base,
			);
			mainGroup = A2BE659128787AB6008D5AF1;
			productRefGroup = A2BE659B28787AB6008D5AF1 /* Products */;
			projectDirPath = "";
			projectRoot = "";
			targets = (
				A2BE659928787AB6008D5AF1 /* TravelApp */,
			);
		};
/* End PBXProject section */

/* Begin PBXResourcesBuildPhase section */
		A2BE659828787AB6008D5AF1 /* Resources */ = {
			isa = PBXResourcesBuildPhase;
			buildActionMask = 2147483647;
			files = (
				A2BE65AA28787AB8008D5AF1 /* LaunchScreen.storyboard in Resources */,
				A2BE65A728787AB8008D5AF1 /* Assets.xcassets in Resources */,
				A2BE65A528787AB6008D5AF1 /* Main.storyboard in Resources */,
			);
			runOnlyForDeploymentPostprocessing = 0;
		};
/* End PBXResourcesBuildPhase section */

/* Begin PBXSourcesBuildPhase section */
		A2BE659628787AB6008D5AF1 /* Sources */ = {
			isa = PBXSourcesBuildPhase;
			buildActionMask = 2147483647;
			files = (
				A2FF5A022878E5EB002E9AD6 /* SignInViewController.swift in Sources */,
				A2FF5A002878E36C002E9AD6 /* extension UIButton.swift in Sources */,
				A2BE65A228787AB6008D5AF1 /* ViewController.swift in Sources */,
				A2BE659E28787AB6008D5AF1 /* AppDelegate.swift in Sources */,
				A2AA6F08287F1A9200FB64E4 /* UITextField + Extenstion.swift in Sources */,
				A2AA6F06287DBE0000FB64E4 /* RegistrationViewController.swift in Sources */,
				A2AA6F0A288004A000FB64E4 /* SignUpViewController.swift in Sources */,
				A2BE65A028787AB6008D5AF1 /* SceneDelegate.swift in Sources */,
				A2FF59FE2878DEB7002E9AD6 /* StartingPageViewController.swift in Sources */,
			);
			runOnlyForDeploymentPostprocessing = 0;
		};
/* End PBXSourcesBuildPhase section */

/* Begin PBXVariantGroup section */
		A2BE65A328787AB6008D5AF1 /* Main.storyboard */ = {
			isa = PBXVariantGroup;
			children = (
				A2BE65A428787AB6008D5AF1 /* Base */,
			);
			name = Main.storyboard;
			sourceTree = "<group>";
		};
		A2BE65A828787AB8008D5AF1 /* LaunchScreen.storyboard */ = {
			isa = PBXVariantGroup;
			children = (
				A2BE65A928787AB8008D5AF1 /* Base */,
			);
			name = LaunchScreen.storyboard;
			sourceTree = "<group>";
		};
/* End PBXVariantGroup section */

/* Begin XCBuildConfiguration section */
		A2BE65AC28787AB8008D5AF1 /* Debug */ = {
			isa = XCBuildConfiguration;
			buildSettings = {
				ALWAYS_SEARCH_USER_PATHS = NO;
				CLANG_ANALYZER_NONNULL = YES;
				CLANG_ANALYZER_NUMBER_OBJECT_CONVERSION = YES_AGGRESSIVE;
				CLANG_CXX_LANGUAGE_STANDARD = "gnu++17";
				CLANG_ENABLE_MODULES = YES;
				CLANG_ENABLE_OBJC_ARC = YES;
				CLANG_ENABLE_OBJC_WEAK = YES;
				CLANG_WARN_BLOCK_CAPTURE_AUTORELEASING = YES;
				CLANG_WARN_BOOL_CONVERSION = YES;
				CLANG_WARN_COMMA = YES;
				CLANG_WARN_CONSTANT_CONVERSION = YES;
				CLANG_WARN_DEPRECATED_OBJC_IMPLEMENTATIONS = YES;
				CLANG_WARN_DIRECT_OBJC_ISA_USAGE = YES_ERROR;
				CLANG_WARN_DOCUMENTATION_COMMENTS = YES;
				CLANG_WARN_EMPTY_BODY = YES;
				CLANG_WARN_ENUM_CONVERSION = YES;
				CLANG_WARN_INFINITE_RECURSION = YES;
				CLANG_WARN_INT_CONVERSION = YES;
				CLANG_WARN_NON_LITERAL_NULL_CONVERSION = YES;
				CLANG_WARN_OBJC_IMPLICIT_RETAIN_SELF = YES;
				CLANG_WARN_OBJC_LITERAL_CONVERSION = YES;
				CLANG_WARN_OBJC_ROOT_CLASS = YES_ERROR;
				CLANG_WARN_QUOTED_INCLUDE_IN_FRAMEWORK_HEADER = YES;
				CLANG_WARN_RANGE_LOOP_ANALYSIS = YES;
				CLANG_WARN_STRICT_PROTOTYPES = YES;
				CLANG_WARN_SUSPICIOUS_MOVE = YES;
				CLANG_WARN_UNGUARDED_AVAILABILITY = YES_AGGRESSIVE;
				CLANG_WARN_UNREACHABLE_CODE = YES;
				CLANG_WARN__DUPLICATE_METHOD_MATCH = YES;
				COPY_PHASE_STRIP = NO;
				DEBUG_INFORMATION_FORMAT = dwarf;
				ENABLE_STRICT_OBJC_MSGSEND = YES;
				ENABLE_TESTABILITY = YES;
				GCC_C_LANGUAGE_STANDARD = gnu11;
				GCC_DYNAMIC_NO_PIC = NO;
				GCC_NO_COMMON_BLOCKS = YES;
				GCC_OPTIMIZATION_LEVEL = 0;
				GCC_PREPROCESSOR_DEFINITIONS = (
					"DEBUG=1",
					"$(inherited)",
				);
				GCC_WARN_64_TO_32_BIT_CONVERSION = YES;
				GCC_WARN_ABOUT_RETURN_TYPE = YES_ERROR;
				GCC_WARN_UNDECLARED_SELECTOR = YES;
				GCC_WARN_UNINITIALIZED_AUTOS = YES_AGGRESSIVE;
				GCC_WARN_UNUSED_FUNCTION = YES;
				GCC_WARN_UNUSED_VARIABLE = YES;
				IPHONEOS_DEPLOYMENT_TARGET = 15.5;
				MTL_ENABLE_DEBUG_INFO = INCLUDE_SOURCE;
				MTL_FAST_MATH = YES;
				ONLY_ACTIVE_ARCH = YES;
				SDKROOT = iphoneos;
				SWIFT_ACTIVE_COMPILATION_CONDITIONS = DEBUG;
				SWIFT_OPTIMIZATION_LEVEL = "-Onone";
			};
			name = Debug;
		};
		A2BE65AD28787AB8008D5AF1 /* Release */ = {
			isa = XCBuildConfiguration;
			buildSettings = {
				ALWAYS_SEARCH_USER_PATHS = NO;
				CLANG_ANALYZER_NONNULL = YES;
				CLANG_ANALYZER_NUMBER_OBJECT_CONVERSION = YES_AGGRESSIVE;
				CLANG_CXX_LANGUAGE_STANDARD = "gnu++17";
				CLANG_ENABLE_MODULES = YES;
				CLANG_ENABLE_OBJC_ARC = YES;
				CLANG_ENABLE_OBJC_WEAK = YES;
				CLANG_WARN_BLOCK_CAPTURE_AUTORELEASING = YES;
				CLANG_WARN_BOOL_CONVERSION = YES;
				CLANG_WARN_COMMA = YES;
				CLANG_WARN_CONSTANT_CONVERSION = YES;
				CLANG_WARN_DEPRECATED_OBJC_IMPLEMENTATIONS = YES;
				CLANG_WARN_DIRECT_OBJC_ISA_USAGE = YES_ERROR;
				CLANG_WARN_DOCUMENTATION_COMMENTS = YES;
				CLANG_WARN_EMPTY_BODY = YES;
				CLANG_WARN_ENUM_CONVERSION = YES;
				CLANG_WARN_INFINITE_RECURSION = YES;
				CLANG_WARN_INT_CONVERSION = YES;
				CLANG_WARN_NON_LITERAL_NULL_CONVERSION = YES;
				CLANG_WARN_OBJC_IMPLICIT_RETAIN_SELF = YES;
				CLANG_WARN_OBJC_LITERAL_CONVERSION = YES;
				CLANG_WARN_OBJC_ROOT_CLASS = YES_ERROR;
				CLANG_WARN_QUOTED_INCLUDE_IN_FRAMEWORK_HEADER = YES;
				CLANG_WARN_RANGE_LOOP_ANALYSIS = YES;
				CLANG_WARN_STRICT_PROTOTYPES = YES;
				CLANG_WARN_SUSPICIOUS_MOVE = YES;
				CLANG_WARN_UNGUARDED_AVAILABILITY = YES_AGGRESSIVE;
				CLANG_WARN_UNREACHABLE_CODE = YES;
				CLANG_WARN__DUPLICATE_METHOD_MATCH = YES;
				COPY_PHASE_STRIP = NO;
				DEBUG_INFORMATION_FORMAT = "dwarf-with-dsym";
				ENABLE_NS_ASSERTIONS = NO;
				ENABLE_STRICT_OBJC_MSGSEND = YES;
				GCC_C_LANGUAGE_STANDARD = gnu11;
				GCC_NO_COMMON_BLOCKS = YES;
				GCC_WARN_64_TO_32_BIT_CONVERSION = YES;
				GCC_WARN_ABOUT_RETURN_TYPE = YES_ERROR;
				GCC_WARN_UNDECLARED_SELECTOR = YES;
				GCC_WARN_UNINITIALIZED_AUTOS = YES_AGGRESSIVE;
				GCC_WARN_UNUSED_FUNCTION = YES;
				GCC_WARN_UNUSED_VARIABLE = YES;
				IPHONEOS_DEPLOYMENT_TARGET = 15.5;
				MTL_ENABLE_DEBUG_INFO = NO;
				MTL_FAST_MATH = YES;
				SDKROOT = iphoneos;
				SWIFT_COMPILATION_MODE = wholemodule;
				SWIFT_OPTIMIZATION_LEVEL = "-O";
				VALIDATE_PRODUCT = YES;
			};
			name = Release;
		};
		A2BE65AF28787AB8008D5AF1 /* Debug */ = {
			isa = XCBuildConfiguration;
			buildSettings = {
				ASSETCATALOG_COMPILER_APPICON_NAME = AppIcon;
				ASSETCATALOG_COMPILER_GLOBAL_ACCENT_COLOR_NAME = AccentColor;
				CODE_SIGN_STYLE = Automatic;
				CURRENT_PROJECT_VERSION = 1;
				GENERATE_INFOPLIST_FILE = YES;
				INFOPLIST_FILE = TravelApp/Info.plist;
				INFOPLIST_KEY_UIApplicationSupportsIndirectInputEvents = YES;
				INFOPLIST_KEY_UILaunchStoryboardName = LaunchScreen;
				INFOPLIST_KEY_UIMainStoryboardFile = Main;
				INFOPLIST_KEY_UISupportedInterfaceOrientations_iPad = "UIInterfaceOrientationPortrait UIInterfaceOrientationPortraitUpsideDown UIInterfaceOrientationLandscapeLeft UIInterfaceOrientationLandscapeRight";
				INFOPLIST_KEY_UISupportedInterfaceOrientations_iPhone = "UIInterfaceOrientationPortrait UIInterfaceOrientationLandscapeLeft UIInterfaceOrientationLandscapeRight";
				LD_RUNPATH_SEARCH_PATHS = (
					"$(inherited)",
					"@executable_path/Frameworks",
				);
				MARKETING_VERSION = 1.0;
				PRODUCT_BUNDLE_IDENTIFIER = "-.TravelApp";
				PRODUCT_NAME = "$(TARGET_NAME)";
				SWIFT_EMIT_LOC_STRINGS = YES;
				SWIFT_VERSION = 5.0;
				TARGETED_DEVICE_FAMILY = "1,2";
			};
			name = Debug;
		};
		A2BE65B028787AB8008D5AF1 /* Release */ = {
			isa = XCBuildConfiguration;
			buildSettings = {
				ASSETCATALOG_COMPILER_APPICON_NAME = AppIcon;
				ASSETCATALOG_COMPILER_GLOBAL_ACCENT_COLOR_NAME = AccentColor;
				CODE_SIGN_STYLE = Automatic;
				CURRENT_PROJECT_VERSION = 1;
				GENERATE_INFOPLIST_FILE = YES;
				INFOPLIST_FILE = TravelApp/Info.plist;
				INFOPLIST_KEY_UIApplicationSupportsIndirectInputEvents = YES;
				INFOPLIST_KEY_UILaunchStoryboardName = LaunchScreen;
				INFOPLIST_KEY_UIMainStoryboardFile = Main;
				INFOPLIST_KEY_UISupportedInterfaceOrientations_iPad = "UIInterfaceOrientationPortrait UIInterfaceOrientationPortraitUpsideDown UIInterfaceOrientationLandscapeLeft UIInterfaceOrientationLandscapeRight";
				INFOPLIST_KEY_UISupportedInterfaceOrientations_iPhone = "UIInterfaceOrientationPortrait UIInterfaceOrientationLandscapeLeft UIInterfaceOrientationLandscapeRight";
				LD_RUNPATH_SEARCH_PATHS = (
					"$(inherited)",
					"@executable_path/Frameworks",
				);
				MARKETING_VERSION = 1.0;
				PRODUCT_BUNDLE_IDENTIFIER = "-.TravelApp";
				PRODUCT_NAME = "$(TARGET_NAME)";
				SWIFT_EMIT_LOC_STRINGS = YES;
				SWIFT_VERSION = 5.0;
				TARGETED_DEVICE_FAMILY = "1,2";
			};
			name = Release;
		};
/* End XCBuildConfiguration section */

/* Begin XCConfigurationList section */
		A2BE659528787AB6008D5AF1 /* Build configuration list for PBXProject "TravelApp" */ = {
			isa = XCConfigurationList;
			buildConfigurations = (
				A2BE65AC28787AB8008D5AF1 /* Debug */,
				A2BE65AD28787AB8008D5AF1 /* Release */,
			);
			defaultConfigurationIsVisible = 0;
			defaultConfigurationName = Release;
		};
		A2BE65AE28787AB8008D5AF1 /* Build configuration list for PBXNativeTarget "TravelApp" */ = {
			isa = XCConfigurationList;
			buildConfigurations = (
				A2BE65AF28787AB8008D5AF1 /* Debug */,
				A2BE65B028787AB8008D5AF1 /* Release */,
			);
			defaultConfigurationIsVisible = 0;
			defaultConfigurationName = Release;
		};
/* End XCConfigurationList section */
	};
	rootObject = A2BE659228787AB6008D5AF1 /* Project object */;
}
